// !$*UTF8*$!
{
	archiveVersion = 1;
	classes = {
	};
	objectVersion = 50;
	objects = {

/* Begin PBXBuildFile section */
		3206AB00223F579700F562CD /* RealtimeMidiTransforming.h in Headers */ = {isa = PBXBuildFile; fileRef = 3206AAFE223F579700F562CD /* RealtimeMidiTransforming.h */; settings = {ATTRIBUTES = (Public, ); }; };
		3206AB11223F584700F562CD /* SequencePlayer.swift in Sources */ = {isa = PBXBuildFile; fileRef = 3206AB0B223F584600F562CD /* SequencePlayer.swift */; };
		3206AB12223F584700F562CD /* ControlsModel.swift in Sources */ = {isa = PBXBuildFile; fileRef = 3206AB0C223F584600F562CD /* ControlsModel.swift */; };
		3206AB13223F584700F562CD /* ControlsViewController.swift in Sources */ = {isa = PBXBuildFile; fileRef = 3206AB0D223F584600F562CD /* ControlsViewController.swift */; };
		3206AB14223F584700F562CD /* RawMidiParsing.swift in Sources */ = {isa = PBXBuildFile; fileRef = 3206AB0E223F584700F562CD /* RawMidiParsing.swift */; };
		3206AB15223F584700F562CD /* MidiSlider.swift in Sources */ = {isa = PBXBuildFile; fileRef = 3206AB0F223F584700F562CD /* MidiSlider.swift */; };
		3206AB18223F58E500F562CD /* RealtimeMidiTransformer.swift in Sources */ = {isa = PBXBuildFile; fileRef = 3206AB17223F58E500F562CD /* RealtimeMidiTransformer.swift */; };
		324D73C5223FBA4F00F7FC79 /* MappingSettings.swift in Sources */ = {isa = PBXBuildFile; fileRef = 324D73C4223FBA4F00F7FC79 /* MappingSettings.swift */; };
		32768616223FE2C0001E3667 /* ActiveValueQueues.swift in Sources */ = {isa = PBXBuildFile; fileRef = 32768615223FE2C0001E3667 /* ActiveValueQueues.swift */; };
/* End PBXBuildFile section */

/* Begin PBXFileReference section */
		3206AAFB223F579700F562CD /* RealtimeMidiTransforming.framework */ = {isa = PBXFileReference; explicitFileType = wrapper.framework; includeInIndex = 0; path = RealtimeMidiTransforming.framework; sourceTree = BUILT_PRODUCTS_DIR; };
		3206AAFE223F579700F562CD /* RealtimeMidiTransforming.h */ = {isa = PBXFileReference; lastKnownFileType = sourcecode.c.h; path = RealtimeMidiTransforming.h; sourceTree = "<group>"; };
		3206AAFF223F579700F562CD /* Info.plist */ = {isa = PBXFileReference; lastKnownFileType = text.plist.xml; path = Info.plist; sourceTree = "<group>"; };
		3206AB0B223F584600F562CD /* SequencePlayer.swift */ = {isa = PBXFileReference; fileEncoding = 4; lastKnownFileType = sourcecode.swift; path = SequencePlayer.swift; sourceTree = "<group>"; };
		3206AB0C223F584600F562CD /* ControlsModel.swift */ = {isa = PBXFileReference; fileEncoding = 4; lastKnownFileType = sourcecode.swift; path = ControlsModel.swift; sourceTree = "<group>"; };
		3206AB0D223F584600F562CD /* ControlsViewController.swift */ = {isa = PBXFileReference; fileEncoding = 4; lastKnownFileType = sourcecode.swift; path = ControlsViewController.swift; sourceTree = "<group>"; };
		3206AB0E223F584700F562CD /* RawMidiParsing.swift */ = {isa = PBXFileReference; fileEncoding = 4; lastKnownFileType = sourcecode.swift; path = RawMidiParsing.swift; sourceTree = "<group>"; };
		3206AB0F223F584700F562CD /* MidiSlider.swift */ = {isa = PBXFileReference; fileEncoding = 4; lastKnownFileType = sourcecode.swift; path = MidiSlider.swift; sourceTree = "<group>"; };
		3206AB17223F58E500F562CD /* RealtimeMidiTransformer.swift */ = {isa = PBXFileReference; fileEncoding = 4; lastKnownFileType = sourcecode.swift; path = RealtimeMidiTransformer.swift; sourceTree = "<group>"; };
		324D73C4223FBA4F00F7FC79 /* MappingSettings.swift */ = {isa = PBXFileReference; lastKnownFileType = sourcecode.swift; path = MappingSettings.swift; sourceTree = "<group>"; };
		32768615223FE2C0001E3667 /* ActiveValueQueues.swift */ = {isa = PBXFileReference; lastKnownFileType = sourcecode.swift; path = ActiveValueQueues.swift; sourceTree = "<group>"; };
/* End PBXFileReference section */

/* Begin PBXFrameworksBuildPhase section */
		3206AAF8223F579700F562CD /* Frameworks */ = {
			isa = PBXFrameworksBuildPhase;
			buildActionMask = 2147483647;
			files = (
			);
			runOnlyForDeploymentPostprocessing = 0;
		};
/* End PBXFrameworksBuildPhase section */

/* Begin PBXGroup section */
		3206AAF1223F579700F562CD = {
			isa = PBXGroup;
			children = (
				3206AAFD223F579700F562CD /* RealtimeMidiTransforming */,
				3206AAFC223F579700F562CD /* Products */,
			);
			sourceTree = "<group>";
		};
		3206AAFC223F579700F562CD /* Products */ = {
			isa = PBXGroup;
			children = (
				3206AAFB223F579700F562CD /* RealtimeMidiTransforming.framework */,
			);
			name = Products;
			sourceTree = "<group>";
		};
		3206AAFD223F579700F562CD /* RealtimeMidiTransforming */ = {
			isa = PBXGroup;
			children = (
				3206AB17223F58E500F562CD /* RealtimeMidiTransformer.swift */,
				3206AB0C223F584600F562CD /* ControlsModel.swift */,
				324D73C4223FBA4F00F7FC79 /* MappingSettings.swift */,
				3206AB0D223F584600F562CD /* ControlsViewController.swift */,
				3206AB0F223F584700F562CD /* MidiSlider.swift */,
				32768615223FE2C0001E3667 /* ActiveValueQueues.swift */,
				3206AB0E223F584700F562CD /* RawMidiParsing.swift */,
				3206AB0B223F584600F562CD /* SequencePlayer.swift */,
				3206AAFE223F579700F562CD /* RealtimeMidiTransforming.h */,
				3206AAFF223F579700F562CD /* Info.plist */,
			);
			path = RealtimeMidiTransforming;
			sourceTree = "<group>";
		};
/* End PBXGroup section */

/* Begin PBXHeadersBuildPhase section */
		3206AAF6223F579700F562CD /* Headers */ = {
			isa = PBXHeadersBuildPhase;
			buildActionMask = 2147483647;
			files = (
				3206AB00223F579700F562CD /* RealtimeMidiTransforming.h in Headers */,
			);
			runOnlyForDeploymentPostprocessing = 0;
		};
/* End PBXHeadersBuildPhase section */

/* Begin PBXNativeTarget section */
		3206AAFA223F579700F562CD /* RealtimeMidiTransforming */ = {
			isa = PBXNativeTarget;
			buildConfigurationList = 3206AB03223F579700F562CD /* Build configuration list for PBXNativeTarget "RealtimeMidiTransforming" */;
			buildPhases = (
				3206AAF6223F579700F562CD /* Headers */,
				3206AAF7223F579700F562CD /* Sources */,
				3206AAF8223F579700F562CD /* Frameworks */,
				3206AAF9223F579700F562CD /* Resources */,
			);
			buildRules = (
			);
			dependencies = (
			);
			name = RealtimeMidiTransforming;
			productName = RealtimeMidiTransforming;
			productReference = 3206AAFB223F579700F562CD /* RealtimeMidiTransforming.framework */;
			productType = "com.apple.product-type.framework";
		};
/* End PBXNativeTarget section */

/* Begin PBXProject section */
		3206AAF2223F579700F562CD /* Project object */ = {
			isa = PBXProject;
			attributes = {
				LastUpgradeCheck = 1000;
				ORGANIZATIONNAME = "Thom Jordan";
				TargetAttributes = {
					3206AAFA223F579700F562CD = {
						CreatedOnToolsVersion = 10.0;
						LastSwiftMigration = 1000;
					};
				};
			};
			buildConfigurationList = 3206AAF5223F579700F562CD /* Build configuration list for PBXProject "RealtimeMidiTransforming" */;
			compatibilityVersion = "Xcode 9.3";
			developmentRegion = en;
			hasScannedForEncodings = 0;
			knownRegions = (
				en,
			);
			mainGroup = 3206AAF1223F579700F562CD;
			productRefGroup = 3206AAFC223F579700F562CD /* Products */;
			projectDirPath = "";
			projectRoot = "";
			targets = (
				3206AAFA223F579700F562CD /* RealtimeMidiTransforming */,
			);
		};
/* End PBXProject section */

/* Begin PBXResourcesBuildPhase section */
		3206AAF9223F579700F562CD /* Resources */ = {
			isa = PBXResourcesBuildPhase;
			buildActionMask = 2147483647;
			files = (
			);
			runOnlyForDeploymentPostprocessing = 0;
		};
/* End PBXResourcesBuildPhase section */

/* Begin PBXSourcesBuildPhase section */
		3206AAF7223F579700F562CD /* Sources */ = {
			isa = PBXSourcesBuildPhase;
			buildActionMask = 2147483647;
			files = (
				3206AB14223F584700F562CD /* RawMidiParsing.swift in Sources */,
				3206AB18223F58E500F562CD /* RealtimeMidiTransformer.swift in Sources */,
				3206AB15223F584700F562CD /* MidiSlider.swift in Sources */,
				32768616223FE2C0001E3667 /* ActiveValueQueues.swift in Sources */,
				3206AB11223F584700F562CD /* SequencePlayer.swift in Sources */,
				324D73C5223FBA4F00F7FC79 /* MappingSettings.swift in Sources */,
				3206AB12223F584700F562CD /* ControlsModel.swift in Sources */,
				3206AB13223F584700F562CD /* ControlsViewController.swift in Sources */,
			);
			runOnlyForDeploymentPostprocessing = 0;
		};
/* End PBXSourcesBuildPhase section */

/* Begin XCBuildConfiguration section */
		3206AB01223F579700F562CD /* Debug */ = {
			isa = XCBuildConfiguration;
			buildSettings = {
				ALWAYS_SEARCH_USER_PATHS = NO;
				CLANG_ANALYZER_NONNULL = YES;
				CLANG_ANALYZER_NUMBER_OBJECT_CONVERSION = YES_AGGRESSIVE;
				CLANG_CXX_LANGUAGE_STANDARD = "gnu++14";
				CLANG_CXX_LIBRARY = "libc++";
				CLANG_ENABLE_MODULES = YES;
				CLANG_ENABLE_OBJC_ARC = YES;
				CLANG_ENABLE_OBJC_WEAK = YES;
				CLANG_WARN_BLOCK_CAPTURE_AUTORELEASING = YES;
				CLANG_WARN_BOOL_CONVERSION = YES;
				CLANG_WARN_COMMA = YES;
				CLANG_WARN_CONSTANT_CONVERSION = YES;
				CLANG_WARN_DEPRECATED_OBJC_IMPLEMENTATIONS = YES;
				CLANG_WARN_DIRECT_OBJC_ISA_USAGE = YES_ERROR;
				CLANG_WARN_DOCUMENTATION_COMMENTS = YES;
				CLANG_WARN_EMPTY_BODY = YES;
				CLANG_WARN_ENUM_CONVERSION = YES;
				CLANG_WARN_INFINITE_RECURSION = YES;
				CLANG_WARN_INT_CONVERSION = YES;
				CLANG_WARN_NON_LITERAL_NULL_CONVERSION = YES;
				CLANG_WARN_OBJC_IMPLICIT_RETAIN_SELF = YES;
				CLANG_WARN_OBJC_LITERAL_CONVERSION = YES;
				CLANG_WARN_OBJC_ROOT_CLASS = YES_ERROR;
				CLANG_WARN_RANGE_LOOP_ANALYSIS = YES;
				CLANG_WARN_STRICT_PROTOTYPES = YES;
				CLANG_WARN_SUSPICIOUS_MOVE = YES;
				CLANG_WARN_UNGUARDED_AVAILABILITY = YES_AGGRESSIVE;
				CLANG_WARN_UNREACHABLE_CODE = YES;
				CLANG_WARN__DUPLICATE_METHOD_MATCH = YES;
				CODE_SIGN_IDENTITY = "Mac Developer";
				COPY_PHASE_STRIP = NO;
				CURRENT_PROJECT_VERSION = 1;
				DEBUG_INFORMATION_FORMAT = dwarf;
				ENABLE_STRICT_OBJC_MSGSEND = YES;
				ENABLE_TESTABILITY = YES;
				GCC_C_LANGUAGE_STANDARD = gnu11;
				GCC_DYNAMIC_NO_PIC = NO;
				GCC_NO_COMMON_BLOCKS = YES;
				GCC_OPTIMIZATION_LEVEL = 0;
				GCC_PREPROCESSOR_DEFINITIONS = (
					"DEBUG=1",
					"$(inherited)",
				);
				GCC_WARN_64_TO_32_BIT_CONVERSION = YES;
				GCC_WARN_ABOUT_RETURN_TYPE = YES_ERROR;
				GCC_WARN_UNDECLARED_SELECTOR = YES;
				GCC_WARN_UNINITIALIZED_AUTOS = YES_AGGRESSIVE;
				GCC_WARN_UNUSED_FUNCTION = YES;
				GCC_WARN_UNUSED_VARIABLE = YES;
				MACOSX_DEPLOYMENT_TARGET = 10.13;
				MTL_ENABLE_DEBUG_INFO = INCLUDE_SOURCE;
				MTL_FAST_MATH = YES;
				ONLY_ACTIVE_ARCH = YES;
				SDKROOT = macosx;
				SWIFT_ACTIVE_COMPILATION_CONDITIONS = DEBUG;
				SWIFT_OPTIMIZATION_LEVEL = "-Onone";
				VERSIONING_SYSTEM = "apple-generic";
				VERSION_INFO_PREFIX = "";
			};
			name = Debug;
		};
		3206AB02223F579700F562CD /* Release */ = {
			isa = XCBuildConfiguration;
			buildSettings = {
				ALWAYS_SEARCH_USER_PATHS = NO;
				CLANG_ANALYZER_NONNULL = YES;
				CLANG_ANALYZER_NUMBER_OBJECT_CONVERSION = YES_AGGRESSIVE;
				CLANG_CXX_LANGUAGE_STANDARD = "gnu++14";
				CLANG_CXX_LIBRARY = "libc++";
				CLANG_ENABLE_MODULES = YES;
				CLANG_ENABLE_OBJC_ARC = YES;
				CLANG_ENABLE_OBJC_WEAK = YES;
				CLANG_WARN_BLOCK_CAPTURE_AUTORELEASING = YES;
				CLANG_WARN_BOOL_CONVERSION = YES;
				CLANG_WARN_COMMA = YES;
				CLANG_WARN_CONSTANT_CONVERSION = YES;
				CLANG_WARN_DEPRECATED_OBJC_IMPLEMENTATIONS = YES;
				CLANG_WARN_DIRECT_OBJC_ISA_USAGE = YES_ERROR;
				CLANG_WARN_DOCUMENTATION_COMMENTS = YES;
				CLANG_WARN_EMPTY_BODY = YES;
				CLANG_WARN_ENUM_CONVERSION = YES;
				CLANG_WARN_INFINITE_RECURSION = YES;
				CLANG_WARN_INT_CONVERSION = YES;
				CLANG_WARN_NON_LITERAL_NULL_CONVERSION = YES;
				CLANG_WARN_OBJC_IMPLICIT_RETAIN_SELF = YES;
				CLANG_WARN_OBJC_LITERAL_CONVERSION = YES;
				CLANG_WARN_OBJC_ROOT_CLASS = YES_ERROR;
				CLANG_WARN_RANGE_LOOP_ANALYSIS = YES;
				CLANG_WARN_STRICT_PROTOTYPES = YES;
				CLANG_WARN_SUSPICIOUS_MOVE = YES;
				CLANG_WARN_UNGUARDED_AVAILABILITY = YES_AGGRESSIVE;
				CLANG_WARN_UNREACHABLE_CODE = YES;
				CLANG_WARN__DUPLICATE_METHOD_MATCH = YES;
				CODE_SIGN_IDENTITY = "Mac Developer";
				COPY_PHASE_STRIP = NO;
				CURRENT_PROJECT_VERSION = 1;
				DEBUG_INFORMATION_FORMAT = "dwarf-with-dsym";
				ENABLE_NS_ASSERTIONS = NO;
				ENABLE_STRICT_OBJC_MSGSEND = YES;
				GCC_C_LANGUAGE_STANDARD = gnu11;
				GCC_NO_COMMON_BLOCKS = YES;
				GCC_WARN_64_TO_32_BIT_CONVERSION = YES;
				GCC_WARN_ABOUT_RETURN_TYPE = YES_ERROR;
				GCC_WARN_UNDECLARED_SELECTOR = YES;
				GCC_WARN_UNINITIALIZED_AUTOS = YES_AGGRESSIVE;
				GCC_WARN_UNUSED_FUNCTION = YES;
				GCC_WARN_UNUSED_VARIABLE = YES;
				MACOSX_DEPLOYMENT_TARGET = 10.13;
				MTL_ENABLE_DEBUG_INFO = NO;
				MTL_FAST_MATH = YES;
				SDKROOT = macosx;
				SWIFT_COMPILATION_MODE = wholemodule;
				SWIFT_OPTIMIZATION_LEVEL = "-O";
				VERSIONING_SYSTEM = "apple-generic";
				VERSION_INFO_PREFIX = "";
			};
			name = Release;
		};
		3206AB04223F579700F562CD /* Debug */ = {
			isa = XCBuildConfiguration;
			buildSettings = {
				CLANG_ENABLE_MODULES = YES;
				CODE_SIGN_IDENTITY = "";
				CODE_SIGN_STYLE = Automatic;
				COMBINE_HIDPI_IMAGES = YES;
				DEFINES_MODULE = YES;
				DEVELOPMENT_TEAM = LCWUE4FXKB;
				DYLIB_COMPATIBILITY_VERSION = 1;
				DYLIB_CURRENT_VERSION = 1;
				DYLIB_INSTALL_NAME_BASE = "@rpath";
				FRAMEWORK_VERSION = A;
				INFOPLIST_FILE = RealtimeMidiTransforming/Info.plist;
				INSTALL_PATH = "$(LOCAL_LIBRARY_DIR)/Frameworks";
				LD_RUNPATH_SEARCH_PATHS = (
					"$(inherited)",
					"@executable_path/../Frameworks",
					"@loader_path/Frameworks",
				);
				PRODUCT_BUNDLE_IDENTIFIER = rationum.com.RealtimeMidiTransforming;
				PRODUCT_NAME = "$(TARGET_NAME:c99extidentifier)";
				SKIP_INSTALL = YES;
				SWIFT_OPTIMIZATION_LEVEL = "-Onone";
				SWIFT_VERSION = 4.2;
			};
			name = Debug;
		};
		3206AB05223F579700F562CD /* Release */ = {
			isa = XCBuildConfiguration;
			buildSettings = {
				CLANG_ENABLE_MODULES = YES;
				CODE_SIGN_IDENTITY = "";
				CODE_SIGN_STYLE = Automatic;
				COMBINE_HIDPI_IMAGES = YES;
				DEFINES_MODULE = YES;
				DEVELOPMENT_TEAM = LCWUE4FXKB;
				DYLIB_COMPATIBILITY_VERSION = 1;
				DYLIB_CURRENT_VERSION = 1;
				DYLIB_INSTALL_NAME_BASE = "@rpath";
				FRAMEWORK_VERSION = A;
				INFOPLIST_FILE = RealtimeMidiTransforming/Info.plist;
				INSTALL_PATH = "$(LOCAL_LIBRARY_DIR)/Frameworks";
				LD_RUNPATH_SEARCH_PATHS = (
					"$(inherited)",
					"@executable_path/../Frameworks",
					"@loader_path/Frameworks",
				);
				PRODUCT_BUNDLE_IDENTIFIER = rationum.com.RealtimeMidiTransforming;
				PRODUCT_NAME = "$(TARGET_NAME:c99extidentifier)";
				SKIP_INSTALL = YES;
				SWIFT_VERSION = 4.2;
			};
			name = Release;
		};
/* End XCBuildConfiguration section */

/* Begin XCConfigurationList section */
		3206AAF5223F579700F562CD /* Build configuration list for PBXProject "RealtimeMidiTransforming" */ = {
			isa = XCConfigurationList;
			buildConfigurations = (
				3206AB01223F579700F562CD /* Debug */,
				3206AB02223F579700F562CD /* Release */,
			);
			defaultConfigurationIsVisible = 0;
			defaultConfigurationName = Release;
		};
		3206AB03223F579700F562CD /* Build configuration list for PBXNativeTarget "RealtimeMidiTransforming" */ = {
			isa = XCConfigurationList;
			buildConfigurations = (
				3206AB04223F579700F562CD /* Debug */,
				3206AB05223F579700F562CD /* Release */,
			);
			defaultConfigurationIsVisible = 0;
			defaultConfigurationName = Release;
		};
/* End XCConfigurationList section */
	};
	rootObject = 3206AAF2223F579700F562CD /* Project object */;
}
